
Microsoft Visual Studio Solution File, Format Version 12.00
# Visual Studio Version 16
VisualStudioVersion = 16.0.30114.105
MinimumVisualStudioVersion = 10.0.40219.1
Project("{FAE04EC0-301F-11D3-BF4B-00C04F79EFBC}") = "cmtweb", "WEB\WEB.csproj", "{4B5B4CED-B89C-4371-98AD-1AD5A2587999}"
EndProject
Project("{FAE04EC0-301F-11D3-BF4B-00C04F79EFBC}") = "DAL", "DAL\DAL.csproj", "{C24A746C-9BF6-4966-82D5-C8DF8A23A144}"
EndProject
Project("{FAE04EC0-301F-11D3-BF4B-00C04F79EFBC}") = "DATAMODELS", "DATAMODELS\DATAMODELS.csproj", "{2F4E83D1-63F8-4E64-AA8D-7563F35C6222}"
EndProject
Global
	GlobalSection(SolutionConfigurationPlatforms) = preSolution
		Debug|Any CPU = Debug|Any CPU
		Release|Any CPU = Release|Any CPU
	EndGlobalSection
	GlobalSection(SolutionProperties) = preSolution
		HideSolutionNode = FALSE
	EndGlobalSection
	GlobalSection(ProjectConfigurationPlatforms) = postSolution
		{4B5B4CED-B89C-4371-98AD-1AD5A2587999}.Debug|Any CPU.ActiveCfg = Debug|Any CPU
		{4B5B4CED-B89C-4371-98AD-1AD5A2587999}.Debug|Any CPU.Build.0 = Debug|Any CPU
		{4B5B4CED-B89C-4371-98AD-1AD5A2587999}.Release|Any CPU.ActiveCfg = Release|Any CPU
		{4B5B4CED-B89C-4371-98AD-1AD5A2587999}.Release|Any CPU.Build.0 = Release|Any CPU
		{C24A746C-9BF6-4966-82D5-C8DF8A23A144}.Debug|Any CPU.ActiveCfg = Debug|Any CPU
		{C24A746C-9BF6-4966-82D5-C8DF8A23A144}.Debug|Any CPU.Build.0 = Debug|Any CPU
		{C24A746C-9BF6-4966-82D5-C8DF8A23A144}.Release|Any CPU.ActiveCfg = Release|Any CPU
		{C24A746C-9BF6-4966-82D5-C8DF8A23A144}.Release|Any CPU.Build.0 = Release|Any CPU
		{2F4E83D1-63F8-4E64-AA8D-7563F35C6222}.Debug|Any CPU.ActiveCfg = Debug|Any CPU
		{2F4E83D1-63F8-4E64-AA8D-7563F35C6222}.Debug|Any CPU.Build.0 = Debug|Any CPU
		{2F4E83D1-63F8-4E64-AA8D-7563F35C6222}.Release|Any CPU.ActiveCfg = Release|Any CPU
		{2F4E83D1-63F8-4E64-AA8D-7563F35C6222}.Release|Any CPU.Build.0 = Release|Any CPU
	EndGlobalSection
EndGlobal
